# This file is autogenerated, do not edit; changes may be undone by the next 'dep ensure'.


[[projects]]
  name = "github.com/franela/goblin"
  packages = ["."]
  revision = "74c9fe110d4bfd04c222a089a309e0a97e258534"

[[projects]]
  name = "github.com/gorilla/context"
  packages = ["."]
  revision = "14f550f51af52180c2eefed15e5fd18d63c0a64a"

[[projects]]
  name = "github.com/gorilla/mux"
  packages = ["."]
  revision = "0eeaf8392f5b04950925b8a69fe70f110fa7cbfc"

[[projects]]
  name = "github.com/onsi/gomega"
  packages = [".","format","internal/assertion","internal/asyncassertion","internal/testingtsupport","matchers","matchers/support/goraph/bipartitegraph","matchers/support/goraph/edge","matchers/support/goraph/node","matchers/support/goraph/util","types"]
  revision = "a78ae492d53aad5a7a232d0d0462c14c400e3ee7"

[solve-meta]
  analyzer-name = "dep"
  analyzer-version = 1
  inputs-digest = "d17ba65d6f2bae78d13755237b8283935bdc44f2192e8580cf972005a0b0b0fc"
  solver-name = "gps-cdcl"
  solver-version = 1
